
Microsoft Visual Studio Solution File, Format Version 12.00
# Visual Studio 15
VisualStudioVersion = 15.0.27703.2026
MinimumVisualStudioVersion = 10.0.40219.1
Project("{9A19103F-16F7-4668-BE54-9A1E7A4F7556}") = "TourApi", "TourApi\TourApi.csproj", "{ECC44196-3B77-4E28-A1ED-469BDF925568}"
EndProject
Project("{FAE04EC0-301F-11D3-BF4B-00C04F79EFBC}") = "ApiTester", "ApiTester\ApiTester.csproj", "{236B492E-48EB-4575-A026-CB775A5F3371}"
EndProject
Global
	GlobalSection(SolutionConfigurationPlatforms) = preSolution
		Debug|Any CPU = Debug|Any CPU
		Release|Any CPU = Release|Any CPU
	EndGlobalSection
	GlobalSection(ProjectConfigurationPlatforms) = postSolution
		{ECC44196-3B77-4E28-A1ED-469BDF925568}.Debug|Any CPU.ActiveCfg = Debug|Any CPU
		{ECC44196-3B77-4E28-A1ED-469BDF925568}.Debug|Any CPU.Build.0 = Debug|Any CPU
		{ECC44196-3B77-4E28-A1ED-469BDF925568}.Release|Any CPU.ActiveCfg = Release|Any CPU
		{ECC44196-3B77-4E28-A1ED-469BDF925568}.Release|Any CPU.Build.0 = Release|Any CPU
		{236B492E-48EB-4575-A026-CB775A5F3371}.Debug|Any CPU.ActiveCfg = Debug|Any CPU
		{236B492E-48EB-4575-A026-CB775A5F3371}.Debug|Any CPU.Build.0 = Debug|Any CPU
		{236B492E-48EB-4575-A026-CB775A5F3371}.Release|Any CPU.ActiveCfg = Release|Any CPU
		{236B492E-48EB-4575-A026-CB775A5F3371}.Release|Any CPU.Build.0 = Release|Any CPU
	EndGlobalSection
	GlobalSection(SolutionProperties) = preSolution
		HideSolutionNode = FALSE
	EndGlobalSection
	GlobalSection(ExtensibilityGlobals) = postSolution
		SolutionGuid = {C2DD3397-E9A6-4764-8392-2151F46B3DF6}
	EndGlobalSection
EndGlobal
